Microsoft Visual Studio Solution File, Format Version 12.00
# Visual Studio Version 16
VisualStudioVersion = 16.0.30011.22
MinimumVisualStudioVersion = 10.0.40219.1
Project("{00D1A9C2-B5F0-4AF3-8072-F6C62B433612}") = "InLife.Store.Database", "InLife.Store.Database\InLife.Store.Database.sqlproj", "{87FF9D25-917F-4407-9C18-AE6BF6611799}"
EndProject
Project("{9A19103F-16F7-4668-BE54-9A1E7A4F7556}") = "InLife.Store.Api", "InLife.Store.Api\InLife.Store.Api.csproj", "{91D0C391-0202-4D71-B9B0-15CD613B9490}"
EndProject
Project("{2150E333-8FDC-42A3-9474-1A3956D46DE8}") = "Libraries", "Libraries", "{BC25F6F9-589D-48ED-8BCE-FF092EFE90FD}"
EndProject
Project("{2150E333-8FDC-42A3-9474-1A3956D46DE8}") = "Clients", "Clients", "{FFB8B85C-5122-4E17-8933-C27755493F51}"
EndProject
Project("{9A19103F-16F7-4668-BE54-9A1E7A4F7556}") = "InLife.Store.Core", "InLife.Store.Core\InLife.Store.Core.csproj", "{C759859A-1C76-4A3C-A38B-7944E30B8D14}"
EndProject
Project("{9A19103F-16F7-4668-BE54-9A1E7A4F7556}") = "InLife.Store.Infrastructure", "InLife.Store.Infrastructure\InLife.Store.Infrastructure.csproj", "{CC38E53F-9EFF-4F19-8BE8-62010DB98F23}"
EndProject
Project("{9A19103F-16F7-4668-BE54-9A1E7A4F7556}") = "InLife.Store.Cms", "InLife.Store.Cms\InLife.Store.Cms.csproj", "{CEF7BF34-71F0-41E3-963E-3C7591C3A76C}"
EndProject
Project("{2150E333-8FDC-42A3-9474-1A3956D46DE8}") = "Services", "Services", "{B0D850C9-E6C8-465D-8704-EE4C4446E86D}"
EndProject
Project("{9A19103F-16F7-4668-BE54-9A1E7A4F7556}") = "InLife.Store.Identity", "InLife.Store.Identity\InLife.Store.Identity.csproj", "{8EE0BEBE-B8AC-4008-8C6B-7F622832541E}"
EndProject
Project("{E24C65DC-7377-472B-9ABA-BC803B73C61A}") = "InLife.Store.StoreFront", "InLife.Store.StoreFront\", "{BDB5D74C-82E8-40CB-806F-3386D8FB582F}"
	ProjectSection(WebsiteProperties) = preProject
		TargetFrameworkMoniker = ".NETFramework,Version%3Dv4.0"
		Debug.AspNetCompiler.VirtualPath = "/localhost_59087"
		Debug.AspNetCompiler.PhysicalPath = "InLife.Store.StoreFront\"
		Debug.AspNetCompiler.TargetPath = "PrecompiledWeb\localhost_59087\"
		Debug.AspNetCompiler.Updateable = "true"
		Debug.AspNetCompiler.ForceOverwrite = "true"
		Debug.AspNetCompiler.FixedNames = "false"
		Debug.AspNetCompiler.Debug = "True"
		Release.AspNetCompiler.VirtualPath = "/localhost_59087"
		Release.AspNetCompiler.PhysicalPath = "InLife.Store.StoreFront\"
		Release.AspNetCompiler.TargetPath = "PrecompiledWeb\localhost_59087\"
		Release.AspNetCompiler.Updateable = "true"
		Release.AspNetCompiler.ForceOverwrite = "true"
		Release.AspNetCompiler.FixedNames = "false"
		Release.AspNetCompiler.Debug = "False"
		VWDPort = "59087"
		SlnRelativePath = "InLife.Store.StoreFront\"
	EndProjectSection
EndProject
Project("{9A19103F-16F7-4668-BE54-9A1E7A4F7556}") = "InLife.Store.Functions", "InLife.Store.Functions\InLife.Store.Functions.csproj", "{44FB54B9-985F-4473-A36C-448CCBF410CE}"
	ProjectSection(ProjectDependencies) = postProject
		{CC38E53F-9EFF-4F19-8BE8-62010DB98F23} = {CC38E53F-9EFF-4F19-8BE8-62010DB98F23}
		{C759859A-1C76-4A3C-A38B-7944E30B8D14} = {C759859A-1C76-4A3C-A38B-7944E30B8D14}
	EndProjectSection
EndProject
Project("{2150E333-8FDC-42A3-9474-1A3956D46DE8}") = "Solution Items", "Solution Items", "{A90D6254-1F0D-4ADD-98FA-F1FB2D214DBA}"
	ProjectSection(SolutionItems) = preProject
		README.md = README.md
	EndProjectSection
EndProject
Global
	GlobalSection(SolutionConfigurationPlatforms) = preSolution
		Debug|Any CPU = Debug|Any CPU
		Release|Any CPU = Release|Any CPU
	EndGlobalSection
	GlobalSection(ProjectConfigurationPlatforms) = postSolution
		{87FF9D25-917F-4407-9C18-AE6BF6611799}.Debug|Any CPU.ActiveCfg = Debug|Any CPU
		{87FF9D25-917F-4407-9C18-AE6BF6611799}.Debug|Any CPU.Build.0 = Debug|Any CPU
		{87FF9D25-917F-4407-9C18-AE6BF6611799}.Debug|Any CPU.Deploy.0 = Debug|Any CPU
		{87FF9D25-917F-4407-9C18-AE6BF6611799}.Release|Any CPU.ActiveCfg = Release|Any CPU
		{87FF9D25-917F-4407-9C18-AE6BF6611799}.Release|Any CPU.Build.0 = Release|Any CPU
		{87FF9D25-917F-4407-9C18-AE6BF6611799}.Release|Any CPU.Deploy.0 = Release|Any CPU
		{91D0C391-0202-4D71-B9B0-15CD613B9490}.Debug|Any CPU.ActiveCfg = Debug|Any CPU
		{91D0C391-0202-4D71-B9B0-15CD613B9490}.Debug|Any CPU.Build.0 = Debug|Any CPU
		{91D0C391-0202-4D71-B9B0-15CD613B9490}.Release|Any CPU.ActiveCfg = Release|Any CPU
		{91D0C391-0202-4D71-B9B0-15CD613B9490}.Release|Any CPU.Build.0 = Release|Any CPU
		{C759859A-1C76-4A3C-A38B-7944E30B8D14}.Debug|Any CPU.ActiveCfg = Debug|Any CPU
		{C759859A-1C76-4A3C-A38B-7944E30B8D14}.Debug|Any CPU.Build.0 = Debug|Any CPU
		{C759859A-1C76-4A3C-A38B-7944E30B8D14}.Release|Any CPU.ActiveCfg = Release|Any CPU
		{C759859A-1C76-4A3C-A38B-7944E30B8D14}.Release|Any CPU.Build.0 = Release|Any CPU
		{CC38E53F-9EFF-4F19-8BE8-62010DB98F23}.Debug|Any CPU.ActiveCfg = Debug|Any CPU
		{CC38E53F-9EFF-4F19-8BE8-62010DB98F23}.Debug|Any CPU.Build.0 = Debug|Any CPU
		{CC38E53F-9EFF-4F19-8BE8-62010DB98F23}.Release|Any CPU.ActiveCfg = Release|Any CPU
		{CC38E53F-9EFF-4F19-8BE8-62010DB98F23}.Release|Any CPU.Build.0 = Release|Any CPU
		{CEF7BF34-71F0-41E3-963E-3C7591C3A76C}.Debug|Any CPU.ActiveCfg = Debug|Any CPU
		{CEF7BF34-71F0-41E3-963E-3C7591C3A76C}.Debug|Any CPU.Build.0 = Debug|Any CPU
		{CEF7BF34-71F0-41E3-963E-3C7591C3A76C}.Release|Any CPU.ActiveCfg = Release|Any CPU
		{CEF7BF34-71F0-41E3-963E-3C7591C3A76C}.Release|Any CPU.Build.0 = Release|Any CPU
		{8EE0BEBE-B8AC-4008-8C6B-7F622832541E}.Debug|Any CPU.ActiveCfg = Debug|Any CPU
		{8EE0BEBE-B8AC-4008-8C6B-7F622832541E}.Debug|Any CPU.Build.0 = Debug|Any CPU
		{8EE0BEBE-B8AC-4008-8C6B-7F622832541E}.Release|Any CPU.ActiveCfg = Release|Any CPU
		{8EE0BEBE-B8AC-4008-8C6B-7F622832541E}.Release|Any CPU.Build.0 = Release|Any CPU
		{BDB5D74C-82E8-40CB-806F-3386D8FB582F}.Debug|Any CPU.ActiveCfg = Debug|Any CPU
		{BDB5D74C-82E8-40CB-806F-3386D8FB582F}.Release|Any CPU.ActiveCfg = Debug|Any CPU
		{BDB5D74C-82E8-40CB-806F-3386D8FB582F}.Release|Any CPU.Build.0 = Debug|Any CPU
		{44FB54B9-985F-4473-A36C-448CCBF410CE}.Debug|Any CPU.ActiveCfg = Debug|Any CPU
		{44FB54B9-985F-4473-A36C-448CCBF410CE}.Debug|Any CPU.Build.0 = Debug|Any CPU
		{44FB54B9-985F-4473-A36C-448CCBF410CE}.Release|Any CPU.ActiveCfg = Release|Any CPU
		{44FB54B9-985F-4473-A36C-448CCBF410CE}.Release|Any CPU.Build.0 = Release|Any CPU
	EndGlobalSection
	GlobalSection(SolutionProperties) = preSolution
		HideSolutionNode = FALSE
	EndGlobalSection
	GlobalSection(NestedProjects) = preSolution
		{87FF9D25-917F-4407-9C18-AE6BF6611799} = {BC25F6F9-589D-48ED-8BCE-FF092EFE90FD}
		{91D0C391-0202-4D71-B9B0-15CD613B9490} = {B0D850C9-E6C8-465D-8704-EE4C4446E86D}
		{C759859A-1C76-4A3C-A38B-7944E30B8D14} = {BC25F6F9-589D-48ED-8BCE-FF092EFE90FD}
		{CC38E53F-9EFF-4F19-8BE8-62010DB98F23} = {BC25F6F9-589D-48ED-8BCE-FF092EFE90FD}
		{CEF7BF34-71F0-41E3-963E-3C7591C3A76C} = {FFB8B85C-5122-4E17-8933-C27755493F51}
		{8EE0BEBE-B8AC-4008-8C6B-7F622832541E} = {B0D850C9-E6C8-465D-8704-EE4C4446E86D}
		{BDB5D74C-82E8-40CB-806F-3386D8FB582F} = {FFB8B85C-5122-4E17-8933-C27755493F51}
		{44FB54B9-985F-4473-A36C-448CCBF410CE} = {B0D850C9-E6C8-465D-8704-EE4C4446E86D}
	EndGlobalSection
	GlobalSection(ExtensibilityGlobals) = postSolution
		SolutionGuid = {CC112424-056B-4E81-8ADF-A23CFD2207F3}
	EndGlobalSection
	GlobalSection(MonoDevelopProperties) = preSolution
		Policies = $0
		$0.DotNetNamingPolicy = $1
		$1.DirectoryNamespaceAssociation = PrefixedHierarchical
		$0.TextStylePolicy = $23
	EndGlobalSection
EndGlobal
